// !$*UTF8*$!
{
	archiveVersion = 1;
	classes = {
	};
	objectVersion = 46;
	objects = {

/* Begin PBXBuildFile section */
		571F464E196D3021CCC0B94A /* Pods_titanictictactoe.framework in Frameworks */ = {isa = PBXBuildFile; fileRef = 1ED5204F0CB0C101ECF2FEDC /* Pods_titanictictactoe.framework */; };
		8B1F80A2242EC84100904DEB /* FacebookGame.swift in Sources */ = {isa = PBXBuildFile; fileRef = 8B1F80A0242EC84100904DEB /* FacebookGame.swift */; };
		8B1F80A3242EC84100904DEB /* FacebookGame.xib in Resources */ = {isa = PBXBuildFile; fileRef = 8B1F80A1242EC84100904DEB /* FacebookGame.xib */; };
		8B1F80A5242EE98900904DEB /* SavedLocalGames.swift in Sources */ = {isa = PBXBuildFile; fileRef = 8B1F80A4242EE98900904DEB /* SavedLocalGames.swift */; };
		8B1F80A8242EF7E300904DEB /* LocalGame.swift in Sources */ = {isa = PBXBuildFile; fileRef = 8B1F80A6242EF7E300904DEB /* LocalGame.swift */; };
		8B1F80A9242EF7E300904DEB /* LocalGame.xib in Resources */ = {isa = PBXBuildFile; fileRef = 8B1F80A7242EF7E300904DEB /* LocalGame.xib */; };
		8B3742751FAD4F2900889FB6 /* Game.swift in Sources */ = {isa = PBXBuildFile; fileRef = 8B3742741FAD4F2900889FB6 /* Game.swift */; };
		8B3742771FAD50A900889FB6 /* Player.swift in Sources */ = {isa = PBXBuildFile; fileRef = 8B3742761FAD50A900889FB6 /* Player.swift */; };
		8B460FC91FB017C500002FF6 /* Current&SavedGames.swift in Sources */ = {isa = PBXBuildFile; fileRef = 8B460FC81FB017C400002FF6 /* Current&SavedGames.swift */; };
		8B90777B20CC456A00EFBFAB /* PlayerSelector.swift in Sources */ = {isa = PBXBuildFile; fileRef = 8B90777A20CC456A00EFBFAB /* PlayerSelector.swift */; };
		8B90777D20CC460200EFBFAB /* FacebookGameSelected.swift in Sources */ = {isa = PBXBuildFile; fileRef = 8B90777C20CC460200EFBFAB /* FacebookGameSelected.swift */; };
		8B90777F20CC463E00EFBFAB /* LocalGameSelected.swift in Sources */ = {isa = PBXBuildFile; fileRef = 8B90777E20CC463E00EFBFAB /* LocalGameSelected.swift */; };
		8B90778120CCD07300EFBFAB /* FacebookFriend.xib in Resources */ = {isa = PBXBuildFile; fileRef = 8B90778020CCD07300EFBFAB /* FacebookFriend.xib */; };
		8B90778320CCD0A400EFBFAB /* FacebookFriend.swift in Sources */ = {isa = PBXBuildFile; fileRef = 8B90778220CCD0A400EFBFAB /* FacebookFriend.swift */; };
		8B9B66C51F9D8FE40070B58F /* Style.swift in Sources */ = {isa = PBXBuildFile; fileRef = 8B9B66C41F9D8FE40070B58F /* Style.swift */; };
		8B9B66D31F9DAFFD0070B58F /* Roboto-BlackItalic.ttf in Resources */ = {isa = PBXBuildFile; fileRef = 8B9B66C71F9DAFFB0070B58F /* Roboto-BlackItalic.ttf */; };
		8B9B66D41F9DAFFD0070B58F /* Roboto-Italic.ttf in Resources */ = {isa = PBXBuildFile; fileRef = 8B9B66C81F9DAFFB0070B58F /* Roboto-Italic.ttf */; };
		8B9B66D51F9DAFFD0070B58F /* Roboto-Light.ttf in Resources */ = {isa = PBXBuildFile; fileRef = 8B9B66C91F9DAFFB0070B58F /* Roboto-Light.ttf */; };
		8B9B66D61F9DAFFD0070B58F /* Roboto-LightItalic.ttf in Resources */ = {isa = PBXBuildFile; fileRef = 8B9B66CA1F9DAFFC0070B58F /* Roboto-LightItalic.ttf */; };
		8B9B66D71F9DAFFD0070B58F /* Roboto-Regular.ttf in Resources */ = {isa = PBXBuildFile; fileRef = 8B9B66CB1F9DAFFC0070B58F /* Roboto-Regular.ttf */; };
		8B9B66D81F9DAFFD0070B58F /* Roboto-Thin.ttf in Resources */ = {isa = PBXBuildFile; fileRef = 8B9B66CC1F9DAFFC0070B58F /* Roboto-Thin.ttf */; };
		8B9B66D91F9DAFFD0070B58F /* Roboto-BoldItalic.ttf in Resources */ = {isa = PBXBuildFile; fileRef = 8B9B66CD1F9DAFFC0070B58F /* Roboto-BoldItalic.ttf */; };
		8B9B66DA1F9DAFFD0070B58F /* Roboto-Medium.ttf in Resources */ = {isa = PBXBuildFile; fileRef = 8B9B66CE1F9DAFFC0070B58F /* Roboto-Medium.ttf */; };
		8B9B66DB1F9DAFFD0070B58F /* Roboto-MediumItalic.ttf in Resources */ = {isa = PBXBuildFile; fileRef = 8B9B66CF1F9DAFFC0070B58F /* Roboto-MediumItalic.ttf */; };
		8B9B66DC1F9DAFFD0070B58F /* Roboto-Bold.ttf in Resources */ = {isa = PBXBuildFile; fileRef = 8B9B66D01F9DAFFD0070B58F /* Roboto-Bold.ttf */; };
		8B9B66DD1F9DAFFD0070B58F /* Roboto-ThinItalic.ttf in Resources */ = {isa = PBXBuildFile; fileRef = 8B9B66D11F9DAFFD0070B58F /* Roboto-ThinItalic.ttf */; };
		8B9B66DE1F9DAFFD0070B58F /* Roboto-Black.ttf in Resources */ = {isa = PBXBuildFile; fileRef = 8B9B66D21F9DAFFD0070B58F /* Roboto-Black.ttf */; };
		8BAB4A1F1E725F5A00B64D6D /* AppDelegate.swift in Sources */ = {isa = PBXBuildFile; fileRef = 8BAB4A1E1E725F5A00B64D6D /* AppDelegate.swift */; };
		8BAB4A271E725F5A00B64D6D /* Start.swift in Sources */ = {isa = PBXBuildFile; fileRef = 8BAB4A261E725F5A00B64D6D /* Start.swift */; };
		8BAB4A2C1E725F5A00B64D6D /* Assets.xcassets in Resources */ = {isa = PBXBuildFile; fileRef = 8BAB4A2B1E725F5A00B64D6D /* Assets.xcassets */; };
		8BAB4A2F1E725F5A00B64D6D /* LaunchScreen.storyboard in Resources */ = {isa = PBXBuildFile; fileRef = 8BAB4A2D1E725F5A00B64D6D /* LaunchScreen.storyboard */; };
		8BAB4A371E78AECB00B64D6D /* MainMenu.swift in Sources */ = {isa = PBXBuildFile; fileRef = 8BAB4A361E78AECB00B64D6D /* MainMenu.swift */; };
		8BAB4A3B1E7A08EA00B64D6D /* Board.swift in Sources */ = {isa = PBXBuildFile; fileRef = 8BAB4A3A1E7A08EA00B64D6D /* Board.swift */; };
		8BAB4A421E80CA2100B64D6D /* Winner.swift in Sources */ = {isa = PBXBuildFile; fileRef = 8BAB4A411E80CA2100B64D6D /* Winner.swift */; };
		8BE72867242DAE6100BFD873 /* CurrentFacebookGames.swift in Sources */ = {isa = PBXBuildFile; fileRef = 8BE72866242DAE6100BFD873 /* CurrentFacebookGames.swift */; };
		8BEDB7621FA0345F002C42F6 /* Main.storyboard in Resources */ = {isa = PBXBuildFile; fileRef = 8BAB4A3E1E7B7B1200B64D6D /* Main.storyboard */; };
		8BEDB76C1FA2BD45002C42F6 /* BasicBoard.xib in Resources */ = {isa = PBXBuildFile; fileRef = 8BEDB76B1FA2BD45002C42F6 /* BasicBoard.xib */; };
		8BEDB76E1FA2BF1B002C42F6 /* BasicBoard.swift in Sources */ = {isa = PBXBuildFile; fileRef = 8BEDB76D1FA2BF1B002C42F6 /* BasicBoard.swift */; };
/* End PBXBuildFile section */

/* Begin PBXFileReference section */
		171ED76AD68BD124FEDFEE1F /* Pods-titanictictactoe.release.xcconfig */ = {isa = PBXFileReference; includeInIndex = 1; lastKnownFileType = text.xcconfig; name = "Pods-titanictictactoe.release.xcconfig"; path = "Pods/Target Support Files/Pods-titanictictactoe/Pods-titanictictactoe.release.xcconfig"; sourceTree = "<group>"; };
		1ED5204F0CB0C101ECF2FEDC /* Pods_titanictictactoe.framework */ = {isa = PBXFileReference; explicitFileType = wrapper.framework; includeInIndex = 0; path = Pods_titanictictactoe.framework; sourceTree = BUILT_PRODUCTS_DIR; };
		6C745EA2978A64A426007A80 /* Pods-titanictictactoe.debug.xcconfig */ = {isa = PBXFileReference; includeInIndex = 1; lastKnownFileType = text.xcconfig; name = "Pods-titanictictactoe.debug.xcconfig"; path = "Pods/Target Support Files/Pods-titanictictactoe/Pods-titanictictactoe.debug.xcconfig"; sourceTree = "<group>"; };
		8B1F80A0242EC84100904DEB /* FacebookGame.swift */ = {isa = PBXFileReference; lastKnownFileType = sourcecode.swift; path = FacebookGame.swift; sourceTree = "<group>"; };
		8B1F80A1242EC84100904DEB /* FacebookGame.xib */ = {isa = PBXFileReference; lastKnownFileType = file.xib; path = FacebookGame.xib; sourceTree = "<group>"; };
		8B1F80A4242EE98900904DEB /* SavedLocalGames.swift */ = {isa = PBXFileReference; lastKnownFileType = sourcecode.swift; path = SavedLocalGames.swift; sourceTree = "<group>"; };
		8B1F80A6242EF7E300904DEB /* LocalGame.swift */ = {isa = PBXFileReference; lastKnownFileType = sourcecode.swift; path = LocalGame.swift; sourceTree = "<group>"; };
		8B1F80A7242EF7E300904DEB /* LocalGame.xib */ = {isa = PBXFileReference; lastKnownFileType = file.xib; path = LocalGame.xib; sourceTree = "<group>"; };
		8B3742741FAD4F2900889FB6 /* Game.swift */ = {isa = PBXFileReference; lastKnownFileType = sourcecode.swift; path = Game.swift; sourceTree = "<group>"; };
		8B3742761FAD50A900889FB6 /* Player.swift */ = {isa = PBXFileReference; lastKnownFileType = sourcecode.swift; path = Player.swift; sourceTree = "<group>"; };
		8B460FC81FB017C400002FF6 /* Current&SavedGames.swift */ = {isa = PBXFileReference; lastKnownFileType = sourcecode.swift; path = "Current&SavedGames.swift"; sourceTree = "<group>"; };
		8B90777A20CC456A00EFBFAB /* PlayerSelector.swift */ = {isa = PBXFileReference; lastKnownFileType = sourcecode.swift; path = PlayerSelector.swift; sourceTree = "<group>"; };
		8B90777C20CC460200EFBFAB /* FacebookGameSelected.swift */ = {isa = PBXFileReference; lastKnownFileType = sourcecode.swift; path = FacebookGameSelected.swift; sourceTree = "<group>"; };
		8B90777E20CC463E00EFBFAB /* LocalGameSelected.swift */ = {isa = PBXFileReference; lastKnownFileType = sourcecode.swift; path = LocalGameSelected.swift; sourceTree = "<group>"; };
		8B90778020CCD07300EFBFAB /* FacebookFriend.xib */ = {isa = PBXFileReference; lastKnownFileType = file.xib; path = FacebookFriend.xib; sourceTree = "<group>"; };
		8B90778220CCD0A400EFBFAB /* FacebookFriend.swift */ = {isa = PBXFileReference; lastKnownFileType = sourcecode.swift; path = FacebookFriend.swift; sourceTree = "<group>"; };
		8B9B66C41F9D8FE40070B58F /* Style.swift */ = {isa = PBXFileReference; lastKnownFileType = sourcecode.swift; path = Style.swift; sourceTree = "<group>"; };
		8B9B66C71F9DAFFB0070B58F /* Roboto-BlackItalic.ttf */ = {isa = PBXFileReference; lastKnownFileType = file; name = "Roboto-BlackItalic.ttf"; path = "titanictictactoe/Roboto/Roboto-BlackItalic.ttf"; sourceTree = "<group>"; };
		8B9B66C81F9DAFFB0070B58F /* Roboto-Italic.ttf */ = {isa = PBXFileReference; lastKnownFileType = file; name = "Roboto-Italic.ttf"; path = "titanictictactoe/Roboto/Roboto-Italic.ttf"; sourceTree = "<group>"; };
		8B9B66C91F9DAFFB0070B58F /* Roboto-Light.ttf */ = {isa = PBXFileReference; lastKnownFileType = file; name = "Roboto-Light.ttf"; path = "titanictictactoe/Roboto/Roboto-Light.ttf"; sourceTree = "<group>"; };
		8B9B66CA1F9DAFFC0070B58F /* Roboto-LightItalic.ttf */ = {isa = PBXFileReference; lastKnownFileType = file; name = "Roboto-LightItalic.ttf"; path = "titanictictactoe/Roboto/Roboto-LightItalic.ttf"; sourceTree = "<group>"; };
		8B9B66CB1F9DAFFC0070B58F /* Roboto-Regular.ttf */ = {isa = PBXFileReference; lastKnownFileType = file; name = "Roboto-Regular.ttf"; path = "titanictictactoe/Roboto/Roboto-Regular.ttf"; sourceTree = "<group>"; };
		8B9B66CC1F9DAFFC0070B58F /* Roboto-Thin.ttf */ = {isa = PBXFileReference; lastKnownFileType = file; name = "Roboto-Thin.ttf"; path = "titanictictactoe/Roboto/Roboto-Thin.ttf"; sourceTree = "<group>"; };
		8B9B66CD1F9DAFFC0070B58F /* Roboto-BoldItalic.ttf */ = {isa = PBXFileReference; lastKnownFileType = file; name = "Roboto-BoldItalic.ttf"; path = "titanictictactoe/Roboto/Roboto-BoldItalic.ttf"; sourceTree = "<group>"; };
		8B9B66CE1F9DAFFC0070B58F /* Roboto-Medium.ttf */ = {isa = PBXFileReference; lastKnownFileType = file; name = "Roboto-Medium.ttf"; path = "titanictictactoe/Roboto/Roboto-Medium.ttf"; sourceTree = "<group>"; };
		8B9B66CF1F9DAFFC0070B58F /* Roboto-MediumItalic.ttf */ = {isa = PBXFileReference; lastKnownFileType = file; name = "Roboto-MediumItalic.ttf"; path = "titanictictactoe/Roboto/Roboto-MediumItalic.ttf"; sourceTree = "<group>"; };
		8B9B66D01F9DAFFD0070B58F /* Roboto-Bold.ttf */ = {isa = PBXFileReference; lastKnownFileType = file; name = "Roboto-Bold.ttf"; path = "titanictictactoe/Roboto/Roboto-Bold.ttf"; sourceTree = "<group>"; };
		8B9B66D11F9DAFFD0070B58F /* Roboto-ThinItalic.ttf */ = {isa = PBXFileReference; lastKnownFileType = file; name = "Roboto-ThinItalic.ttf"; path = "titanictictactoe/Roboto/Roboto-ThinItalic.ttf"; sourceTree = "<group>"; };
		8B9B66D21F9DAFFD0070B58F /* Roboto-Black.ttf */ = {isa = PBXFileReference; lastKnownFileType = file; name = "Roboto-Black.ttf"; path = "titanictictactoe/Roboto/Roboto-Black.ttf"; sourceTree = "<group>"; };
		8BA93F7E1FD65C0E00043A74 /* titanictictactoe.entitlements */ = {isa = PBXFileReference; lastKnownFileType = text.plist.entitlements; path = titanictictactoe.entitlements; sourceTree = "<group>"; };
		8BAB4A1B1E725F5900B64D6D /* titanictictactoe.app */ = {isa = PBXFileReference; explicitFileType = wrapper.application; includeInIndex = 0; path = titanictictactoe.app; sourceTree = BUILT_PRODUCTS_DIR; };
		8BAB4A1E1E725F5A00B64D6D /* AppDelegate.swift */ = {isa = PBXFileReference; lastKnownFileType = sourcecode.swift; path = AppDelegate.swift; sourceTree = "<group>"; };
		8BAB4A261E725F5A00B64D6D /* Start.swift */ = {isa = PBXFileReference; lastKnownFileType = sourcecode.swift; path = Start.swift; sourceTree = "<group>"; };
		8BAB4A2B1E725F5A00B64D6D /* Assets.xcassets */ = {isa = PBXFileReference; lastKnownFileType = folder.assetcatalog; path = Assets.xcassets; sourceTree = "<group>"; };
		8BAB4A2E1E725F5A00B64D6D /* Base */ = {isa = PBXFileReference; lastKnownFileType = file.storyboard; name = Base; path = Base.lproj/LaunchScreen.storyboard; sourceTree = "<group>"; };
		8BAB4A301E725F5A00B64D6D /* Info.plist */ = {isa = PBXFileReference; lastKnownFileType = text.plist.xml; path = Info.plist; sourceTree = "<group>"; };
		8BAB4A361E78AECB00B64D6D /* MainMenu.swift */ = {isa = PBXFileReference; fileEncoding = 4; lastKnownFileType = sourcecode.swift; path = MainMenu.swift; sourceTree = "<group>"; };
		8BAB4A3A1E7A08EA00B64D6D /* Board.swift */ = {isa = PBXFileReference; fileEncoding = 4; lastKnownFileType = sourcecode.swift; path = Board.swift; sourceTree = "<group>"; };
		8BAB4A3F1E7B7B1200B64D6D /* Base */ = {isa = PBXFileReference; lastKnownFileType = file.storyboard; name = Base; path = Base.lproj/Main.storyboard; sourceTree = "<group>"; };
		8BAB4A411E80CA2100B64D6D /* Winner.swift */ = {isa = PBXFileReference; fileEncoding = 4; lastKnownFileType = sourcecode.swift; path = Winner.swift; sourceTree = "<group>"; };
		8BE72866242DAE6100BFD873 /* CurrentFacebookGames.swift */ = {isa = PBXFileReference; lastKnownFileType = sourcecode.swift; path = CurrentFacebookGames.swift; sourceTree = "<group>"; };
		8BEDB76B1FA2BD45002C42F6 /* BasicBoard.xib */ = {isa = PBXFileReference; lastKnownFileType = file.xib; path = BasicBoard.xib; sourceTree = "<group>"; };
		8BEDB76D1FA2BF1B002C42F6 /* BasicBoard.swift */ = {isa = PBXFileReference; lastKnownFileType = sourcecode.swift; path = BasicBoard.swift; sourceTree = "<group>"; };
/* End PBXFileReference section */

/* Begin PBXFrameworksBuildPhase section */
		8BAB4A181E725F5900B64D6D /* Frameworks */ = {
			isa = PBXFrameworksBuildPhase;
			buildActionMask = 2147483647;
			files = (
				571F464E196D3021CCC0B94A /* Pods_titanictictactoe.framework in Frameworks */,
			);
			runOnlyForDeploymentPostprocessing = 0;
		};
/* End PBXFrameworksBuildPhase section */

/* Begin PBXGroup section */
		7ED88939497EA16BD639A8FC /* Frameworks */ = {
			isa = PBXGroup;
			children = (
				1ED5204F0CB0C101ECF2FEDC /* Pods_titanictictactoe.framework */,
			);
			name = Frameworks;
			sourceTree = "<group>";
		};
		84C3456FA68AD96678B3D9BF /* Pods */ = {
			isa = PBXGroup;
			children = (
				6C745EA2978A64A426007A80 /* Pods-titanictictactoe.debug.xcconfig */,
				171ED76AD68BD124FEDFEE1F /* Pods-titanictictactoe.release.xcconfig */,
			);
			name = Pods;
			sourceTree = "<group>";
		};
		8B1F80AA242FDACE00904DEB /* OngoingGames */ = {
			isa = PBXGroup;
			children = (
				8B460FC81FB017C400002FF6 /* Current&SavedGames.swift */,
				8BE72866242DAE6100BFD873 /* CurrentFacebookGames.swift */,
				8B1F80A0242EC84100904DEB /* FacebookGame.swift */,
				8B1F80A1242EC84100904DEB /* FacebookGame.xib */,
				8B1F80A4242EE98900904DEB /* SavedLocalGames.swift */,
				8B1F80A6242EF7E300904DEB /* LocalGame.swift */,
				8B1F80A7242EF7E300904DEB /* LocalGame.xib */,
			);
			path = OngoingGames;
			sourceTree = "<group>";
		};
		8BAB4A121E725F5900B64D6D = {
			isa = PBXGroup;
			children = (
				8B9B66D21F9DAFFD0070B58F /* Roboto-Black.ttf */,
				8B9B66C71F9DAFFB0070B58F /* Roboto-BlackItalic.ttf */,
				8B9B66D01F9DAFFD0070B58F /* Roboto-Bold.ttf */,
				8B9B66CD1F9DAFFC0070B58F /* Roboto-BoldItalic.ttf */,
				8B9B66C81F9DAFFB0070B58F /* Roboto-Italic.ttf */,
				8B9B66C91F9DAFFB0070B58F /* Roboto-Light.ttf */,
				8B9B66CA1F9DAFFC0070B58F /* Roboto-LightItalic.ttf */,
				8B9B66CE1F9DAFFC0070B58F /* Roboto-Medium.ttf */,
				8B9B66CF1F9DAFFC0070B58F /* Roboto-MediumItalic.ttf */,
				8B9B66CB1F9DAFFC0070B58F /* Roboto-Regular.ttf */,
				8B9B66CC1F9DAFFC0070B58F /* Roboto-Thin.ttf */,
				8B9B66D11F9DAFFD0070B58F /* Roboto-ThinItalic.ttf */,
				8BAB4A1D1E725F5A00B64D6D /* titanictictactoe */,
				8BAB4A1C1E725F5900B64D6D /* Products */,
				84C3456FA68AD96678B3D9BF /* Pods */,
				7ED88939497EA16BD639A8FC /* Frameworks */,
			);
			sourceTree = "<group>";
		};
		8BAB4A1C1E725F5900B64D6D /* Products */ = {
			isa = PBXGroup;
			children = (
				8BAB4A1B1E725F5900B64D6D /* titanictictactoe.app */,
			);
			name = Products;
			sourceTree = "<group>";
		};
		8BAB4A1D1E725F5A00B64D6D /* titanictictactoe */ = {
			isa = PBXGroup;
			children = (
				8BAB4A3E1E7B7B1200B64D6D /* Main.storyboard */,
				8BAB4A2D1E725F5A00B64D6D /* LaunchScreen.storyboard */,
				8BAB4A1E1E725F5A00B64D6D /* AppDelegate.swift */,
				8B9B66C41F9D8FE40070B58F /* Style.swift */,
				8BAB4A261E725F5A00B64D6D /* Start.swift */,
				8BAB4A361E78AECB00B64D6D /* MainMenu.swift */,
				8BE72865242DACF900BFD873 /* GamePlay */,
				8BE72863242DAC8F00BFD873 /* Models */,
				8B1F80AA242FDACE00904DEB /* OngoingGames */,
				8BE72862242DAC6600BFD873 /* PlayerSelection */,
				8BAB4A301E725F5A00B64D6D /* Info.plist */,
				8BA93F7E1FD65C0E00043A74 /* titanictictactoe.entitlements */,
				8BAB4A2B1E725F5A00B64D6D /* Assets.xcassets */,
			);
			path = titanictictactoe;
			sourceTree = "<group>";
		};
		8BE72862242DAC6600BFD873 /* PlayerSelection */ = {
			isa = PBXGroup;
			children = (
				8B90777A20CC456A00EFBFAB /* PlayerSelector.swift */,
				8B90777C20CC460200EFBFAB /* FacebookGameSelected.swift */,
				8B90777E20CC463E00EFBFAB /* LocalGameSelected.swift */,
				8B90778020CCD07300EFBFAB /* FacebookFriend.xib */,
				8B90778220CCD0A400EFBFAB /* FacebookFriend.swift */,
			);
			path = PlayerSelection;
			sourceTree = "<group>";
		};
		8BE72863242DAC8F00BFD873 /* Models */ = {
			isa = PBXGroup;
			children = (
				8B3742741FAD4F2900889FB6 /* Game.swift */,
				8B3742761FAD50A900889FB6 /* Player.swift */,
			);
			path = Models;
			sourceTree = "<group>";
		};
		8BE72865242DACF900BFD873 /* GamePlay */ = {
			isa = PBXGroup;
			children = (
				8BAB4A411E80CA2100B64D6D /* Winner.swift */,
				8BAB4A3A1E7A08EA00B64D6D /* Board.swift */,
				8BEDB76B1FA2BD45002C42F6 /* BasicBoard.xib */,
				8BEDB76D1FA2BF1B002C42F6 /* BasicBoard.swift */,
			);
			path = GamePlay;
			sourceTree = "<group>";
		};
/* End PBXGroup section */

/* Begin PBXNativeTarget section */
		8BAB4A1A1E725F5900B64D6D /* titanictictactoe */ = {
			isa = PBXNativeTarget;
			buildConfigurationList = 8BAB4A331E725F5A00B64D6D /* Build configuration list for PBXNativeTarget "titanictictactoe" */;
			buildPhases = (
				535652F29DFBC932018FA8BE /* [CP] Check Pods Manifest.lock */,
				8BAB4A171E725F5900B64D6D /* Sources */,
				8BAB4A181E725F5900B64D6D /* Frameworks */,
				8BAB4A191E725F5900B64D6D /* Resources */,
				F4C6E6C45CC6551976427489 /* [CP] Embed Pods Frameworks */,
			);
			buildRules = (
			);
			dependencies = (
			);
			name = titanictictactoe;
			productName = titanictictactoe;
			productReference = 8BAB4A1B1E725F5900B64D6D /* titanictictactoe.app */;
			productType = "com.apple.product-type.application";
		};
/* End PBXNativeTarget section */

/* Begin PBXProject section */
		8BAB4A131E725F5900B64D6D /* Project object */ = {
			isa = PBXProject;
			attributes = {
				LastSwiftUpdateCheck = 0820;
				LastUpgradeCheck = 0820;
				ORGANIZATIONNAME = "Varun Batta";
				TargetAttributes = {
					8BAB4A1A1E725F5900B64D6D = {
						CreatedOnToolsVersion = 8.2.1;
						DevelopmentTeam = 66RVF7F458;
						ProvisioningStyle = Automatic;
						SystemCapabilities = {
							com.apple.Push = {
								enabled = 1;
							};
							com.apple.iCloud = {
								enabled = 1;
							};
						};
					};
				};
			};
			buildConfigurationList = 8BAB4A161E725F5900B64D6D /* Build configuration list for PBXProject "titanictictactoe" */;
			compatibilityVersion = "Xcode 3.2";
			developmentRegion = English;
			hasScannedForEncodings = 0;
			knownRegions = (
				English,
				en,
				Base,
			);
			mainGroup = 8BAB4A121E725F5900B64D6D;
			productRefGroup = 8BAB4A1C1E725F5900B64D6D /* Products */;
			projectDirPath = "";
			projectRoot = "";
			targets = (
				8BAB4A1A1E725F5900B64D6D /* titanictictactoe */,
			);
		};
/* End PBXProject section */

/* Begin PBXResourcesBuildPhase section */
		8BAB4A191E725F5900B64D6D /* Resources */ = {
			isa = PBXResourcesBuildPhase;
			buildActionMask = 2147483647;
			files = (
				8B9B66D31F9DAFFD0070B58F /* Roboto-BlackItalic.ttf in Resources */,
				8B9B66D41F9DAFFD0070B58F /* Roboto-Italic.ttf in Resources */,
				8B9B66D51F9DAFFD0070B58F /* Roboto-Light.ttf in Resources */,
				8B1F80A9242EF7E300904DEB /* LocalGame.xib in Resources */,
				8B9B66D61F9DAFFD0070B58F /* Roboto-LightItalic.ttf in Resources */,
				8B1F80A3242EC84100904DEB /* FacebookGame.xib in Resources */,
				8B9B66D71F9DAFFD0070B58F /* Roboto-Regular.ttf in Resources */,
				8B9B66D81F9DAFFD0070B58F /* Roboto-Thin.ttf in Resources */,
				8B9B66D91F9DAFFD0070B58F /* Roboto-BoldItalic.ttf in Resources */,
				8B9B66DA1F9DAFFD0070B58F /* Roboto-Medium.ttf in Resources */,
				8B9B66DB1F9DAFFD0070B58F /* Roboto-MediumItalic.ttf in Resources */,
				8B90778120CCD07300EFBFAB /* FacebookFriend.xib in Resources */,
				8B9B66DC1F9DAFFD0070B58F /* Roboto-Bold.ttf in Resources */,
				8B9B66DD1F9DAFFD0070B58F /* Roboto-ThinItalic.ttf in Resources */,
				8BEDB76C1FA2BD45002C42F6 /* BasicBoard.xib in Resources */,
				8B9B66DE1F9DAFFD0070B58F /* Roboto-Black.ttf in Resources */,
				8BAB4A2C1E725F5A00B64D6D /* Assets.xcassets in Resources */,
				8BEDB7621FA0345F002C42F6 /* Main.storyboard in Resources */,
				8BAB4A2F1E725F5A00B64D6D /* LaunchScreen.storyboard in Resources */,
			);
			runOnlyForDeploymentPostprocessing = 0;
		};
/* End PBXResourcesBuildPhase section */

/* Begin PBXShellScriptBuildPhase section */
		535652F29DFBC932018FA8BE /* [CP] Check Pods Manifest.lock */ = {
			isa = PBXShellScriptBuildPhase;
			buildActionMask = 2147483647;
			files = (
			);
			inputPaths = (
				"${PODS_PODFILE_DIR_PATH}/Podfile.lock",
				"${PODS_ROOT}/Manifest.lock",
			);
			name = "[CP] Check Pods Manifest.lock";
			outputPaths = (
				"$(DERIVED_FILE_DIR)/Pods-titanictictactoe-checkManifestLockResult.txt",
			);
			runOnlyForDeploymentPostprocessing = 0;
			shellPath = /bin/sh;
			shellScript = "diff \"${PODS_PODFILE_DIR_PATH}/Podfile.lock\" \"${PODS_ROOT}/Manifest.lock\" > /dev/null\nif [ $? != 0 ] ; then\n    # print error to STDERR\n    echo \"error: The sandbox is not in sync with the Podfile.lock. Run 'pod install' or update your CocoaPods installation.\" >&2\n    exit 1\nfi\n# This output is used by Xcode 'outputs' to avoid re-running this script phase.\necho \"SUCCESS\" > \"${SCRIPT_OUTPUT_FILE_0}\"\n";
			showEnvVarsInLog = 0;
		};
		F4C6E6C45CC6551976427489 /* [CP] Embed Pods Frameworks */ = {
			isa = PBXShellScriptBuildPhase;
			buildActionMask = 2147483647;
			files = (
			);
			inputPaths = (
				"${PODS_ROOT}/Target Support Files/Pods-titanictictactoe/Pods-titanictictactoe-frameworks.sh",
				"${BUILT_PRODUCTS_DIR}/FBSDKCoreKit/FBSDKCoreKit.framework",
				"${BUILT_PRODUCTS_DIR}/FBSDKLoginKit/FBSDKLoginKit.framework",
				"${BUILT_PRODUCTS_DIR}/FBSDKShareKit/FBSDKShareKit.framework",
				"${BUILT_PRODUCTS_DIR}/FacebookCore/FacebookCore.framework",
				"${BUILT_PRODUCTS_DIR}/FacebookLogin/FacebookLogin.framework",
				"${BUILT_PRODUCTS_DIR}/FacebookShare/FacebookShare.framework",
				"${BUILT_PRODUCTS_DIR}/XLPagerTabStrip/XLPagerTabStrip.framework",
			);
			name = "[CP] Embed Pods Frameworks";
			outputPaths = (
				"${TARGET_BUILD_DIR}/${FRAMEWORKS_FOLDER_PATH}/FBSDKCoreKit.framework",
				"${TARGET_BUILD_DIR}/${FRAMEWORKS_FOLDER_PATH}/FBSDKLoginKit.framework",
				"${TARGET_BUILD_DIR}/${FRAMEWORKS_FOLDER_PATH}/FBSDKShareKit.framework",
				"${TARGET_BUILD_DIR}/${FRAMEWORKS_FOLDER_PATH}/FacebookCore.framework",
				"${TARGET_BUILD_DIR}/${FRAMEWORKS_FOLDER_PATH}/FacebookLogin.framework",
				"${TARGET_BUILD_DIR}/${FRAMEWORKS_FOLDER_PATH}/FacebookShare.framework",
				"${TARGET_BUILD_DIR}/${FRAMEWORKS_FOLDER_PATH}/XLPagerTabStrip.framework",
			);
			runOnlyForDeploymentPostprocessing = 0;
			shellPath = /bin/sh;
			shellScript = "\"${PODS_ROOT}/Target Support Files/Pods-titanictictactoe/Pods-titanictictactoe-frameworks.sh\"\n";
			showEnvVarsInLog = 0;
		};
/* End PBXShellScriptBuildPhase section */

/* Begin PBXSourcesBuildPhase section */
		8BAB4A171E725F5900B64D6D /* Sources */ = {
			isa = PBXSourcesBuildPhase;
			buildActionMask = 2147483647;
			files = (
				8B90777F20CC463E00EFBFAB /* LocalGameSelected.swift in Sources */,
				8B90777D20CC460200EFBFAB /* FacebookGameSelected.swift in Sources */,
				8B90778320CCD0A400EFBFAB /* FacebookFriend.swift in Sources */,
				8BE72867242DAE6100BFD873 /* CurrentFacebookGames.swift in Sources */,
				8BAB4A421E80CA2100B64D6D /* Winner.swift in Sources */,
				8B1F80A5242EE98900904DEB /* SavedLocalGames.swift in Sources */,
				8BEDB76E1FA2BF1B002C42F6 /* BasicBoard.swift in Sources */,
				8B3742771FAD50A900889FB6 /* Player.swift in Sources */,
				8BAB4A3B1E7A08EA00B64D6D /* Board.swift in Sources */,
				8B460FC91FB017C500002FF6 /* Current&SavedGames.swift in Sources */,
				8B1F80A2242EC84100904DEB /* FacebookGame.swift in Sources */,
				8B3742751FAD4F2900889FB6 /* Game.swift in Sources */,
				8BAB4A271E725F5A00B64D6D /* Start.swift in Sources */,
				8BAB4A1F1E725F5A00B64D6D /* AppDelegate.swift in Sources */,
				8B90777B20CC456A00EFBFAB /* PlayerSelector.swift in Sources */,
				8B9B66C51F9D8FE40070B58F /* Style.swift in Sources */,
				8BAB4A371E78AECB00B64D6D /* MainMenu.swift in Sources */,
				8B1F80A8242EF7E300904DEB /* LocalGame.swift in Sources */,
			);
			runOnlyForDeploymentPostprocessing = 0;
		};
/* End PBXSourcesBuildPhase section */

/* Begin PBXVariantGroup section */
		8BAB4A2D1E725F5A00B64D6D /* LaunchScreen.storyboard */ = {
			isa = PBXVariantGroup;
			children = (
				8BAB4A2E1E725F5A00B64D6D /* Base */,
			);
			name = LaunchScreen.storyboard;
			sourceTree = "<group>";
		};
		8BAB4A3E1E7B7B1200B64D6D /* Main.storyboard */ = {
			isa = PBXVariantGroup;
			children = (
				8BAB4A3F1E7B7B1200B64D6D /* Base */,
			);
			name = Main.storyboard;
			sourceTree = "<group>";
		};
/* End PBXVariantGroup section */

/* Begin XCBuildConfiguration section */
		8BAB4A311E725F5A00B64D6D /* Debug */ = {
			isa = XCBuildConfiguration;
			buildSettings = {
				ALWAYS_SEARCH_USER_PATHS = NO;
				CLANG_ANALYZER_NONNULL = YES;
				CLANG_CXX_LANGUAGE_STANDARD = "gnu++0x";
				CLANG_CXX_LIBRARY = "libc++";
				CLANG_ENABLE_MODULES = YES;
				CLANG_ENABLE_OBJC_ARC = YES;
				CLANG_WARN_BOOL_CONVERSION = YES;
				CLANG_WARN_CONSTANT_CONVERSION = YES;
				CLANG_WARN_DIRECT_OBJC_ISA_USAGE = YES_ERROR;
				CLANG_WARN_DOCUMENTATION_COMMENTS = YES;
				CLANG_WARN_EMPTY_BODY = YES;
				CLANG_WARN_ENUM_CONVERSION = YES;
				CLANG_WARN_INFINITE_RECURSION = YES;
				CLANG_WARN_INT_CONVERSION = YES;
				CLANG_WARN_OBJC_ROOT_CLASS = YES_ERROR;
				CLANG_WARN_SUSPICIOUS_MOVE = YES;
				CLANG_WARN_UNREACHABLE_CODE = YES;
				CLANG_WARN__DUPLICATE_METHOD_MATCH = YES;
				"CODE_SIGN_IDENTITY[sdk=iphoneos*]" = "iPhone Developer";
				COPY_PHASE_STRIP = NO;
				DEBUG_INFORMATION_FORMAT = dwarf;
				ENABLE_STRICT_OBJC_MSGSEND = YES;
				ENABLE_TESTABILITY = YES;
				GCC_C_LANGUAGE_STANDARD = gnu99;
				GCC_DYNAMIC_NO_PIC = NO;
				GCC_NO_COMMON_BLOCKS = YES;
				GCC_OPTIMIZATION_LEVEL = 0;
				GCC_PREPROCESSOR_DEFINITIONS = (
					"DEBUG=1",
					"$(inherited)",
				);
				GCC_WARN_64_TO_32_BIT_CONVERSION = YES;
				GCC_WARN_ABOUT_RETURN_TYPE = YES_ERROR;
				GCC_WARN_UNDECLARED_SELECTOR = YES;
				GCC_WARN_UNINITIALIZED_AUTOS = YES_AGGRESSIVE;
				GCC_WARN_UNUSED_FUNCTION = YES;
				GCC_WARN_UNUSED_VARIABLE = YES;
				IPHONEOS_DEPLOYMENT_TARGET = 10.2;
				MTL_ENABLE_DEBUG_INFO = YES;
				ONLY_ACTIVE_ARCH = YES;
				SDKROOT = iphoneos;
				SWIFT_ACTIVE_COMPILATION_CONDITIONS = DEBUG;
				SWIFT_OPTIMIZATION_LEVEL = "-Onone";
				TARGETED_DEVICE_FAMILY = "1,2";
			};
			name = Debug;
		};
		8BAB4A321E725F5A00B64D6D /* Release */ = {
			isa = XCBuildConfiguration;
			buildSettings = {
				ALWAYS_SEARCH_USER_PATHS = NO;
				CLANG_ANALYZER_NONNULL = YES;
				CLANG_CXX_LANGUAGE_STANDARD = "gnu++0x";
				CLANG_CXX_LIBRARY = "libc++";
				CLANG_ENABLE_MODULES = YES;
				CLANG_ENABLE_OBJC_ARC = YES;
				CLANG_WARN_BOOL_CONVERSION = YES;
				CLANG_WARN_CONSTANT_CONVERSION = YES;
				CLANG_WARN_DIRECT_OBJC_ISA_USAGE = YES_ERROR;
				CLANG_WARN_DOCUMENTATION_COMMENTS = YES;
				CLANG_WARN_EMPTY_BODY = YES;
				CLANG_WARN_ENUM_CONVERSION = YES;
				CLANG_WARN_INFINITE_RECURSION = YES;
				CLANG_WARN_INT_CONVERSION = YES;
				CLANG_WARN_OBJC_ROOT_CLASS = YES_ERROR;
				CLANG_WARN_SUSPICIOUS_MOVE = YES;
				CLANG_WARN_UNREACHABLE_CODE = YES;
				CLANG_WARN__DUPLICATE_METHOD_MATCH = YES;
				"CODE_SIGN_IDENTITY[sdk=iphoneos*]" = "iPhone Developer";
				COPY_PHASE_STRIP = NO;
				DEBUG_INFORMATION_FORMAT = "dwarf-with-dsym";
				ENABLE_NS_ASSERTIONS = NO;
				ENABLE_STRICT_OBJC_MSGSEND = YES;
				GCC_C_LANGUAGE_STANDARD = gnu99;
				GCC_NO_COMMON_BLOCKS = YES;
				GCC_WARN_64_TO_32_BIT_CONVERSION = YES;
				GCC_WARN_ABOUT_RETURN_TYPE = YES_ERROR;
				GCC_WARN_UNDECLARED_SELECTOR = YES;
				GCC_WARN_UNINITIALIZED_AUTOS = YES_AGGRESSIVE;
				GCC_WARN_UNUSED_FUNCTION = YES;
				GCC_WARN_UNUSED_VARIABLE = YES;
				IPHONEOS_DEPLOYMENT_TARGET = 10.2;
				MTL_ENABLE_DEBUG_INFO = NO;
				SDKROOT = iphoneos;
				SWIFT_OPTIMIZATION_LEVEL = "-Owholemodule";
				TARGETED_DEVICE_FAMILY = "1,2";
				VALIDATE_PRODUCT = YES;
			};
			name = Release;
		};
		8BAB4A341E725F5A00B64D6D /* Debug */ = {
			isa = XCBuildConfiguration;
			baseConfigurationReference = 6C745EA2978A64A426007A80 /* Pods-titanictictactoe.debug.xcconfig */;
			buildSettings = {
				ASSETCATALOG_COMPILER_APPICON_NAME = AppIcon;
				CODE_SIGN_ENTITLEMENTS = titanictictactoe/titanictictactoe.entitlements;
				DEVELOPMENT_TEAM = 66RVF7F458;
				FRAMEWORK_SEARCH_PATHS = (
					"$(inherited)",
					"$(PROJECT_DIR)",
				);
				INFOPLIST_FILE = titanictictactoe/Info.plist;
				IPHONEOS_DEPLOYMENT_TARGET = 11.0;
				LD_RUNPATH_SEARCH_PATHS = "$(inherited) @executable_path/Frameworks";
				PRODUCT_BUNDLE_IDENTIFIER = com.varunbatta.titanictictactoe;
				PRODUCT_NAME = "$(TARGET_NAME)";
				SWIFT_VERSION = 5.0;
			};
			name = Debug;
		};
		8BAB4A351E725F5A00B64D6D /* Release */ = {
			isa = XCBuildConfiguration;
			baseConfigurationReference = 171ED76AD68BD124FEDFEE1F /* Pods-titanictictactoe.release.xcconfig */;
			buildSettings = {
				ASSETCATALOG_COMPILER_APPICON_NAME = AppIcon;
				CODE_SIGN_ENTITLEMENTS = titanictictactoe/titanictictactoe.entitlements;
				DEVELOPMENT_TEAM = 66RVF7F458;
				FRAMEWORK_SEARCH_PATHS = (
					"$(inherited)",
					"$(PROJECT_DIR)",
				);
				INFOPLIST_FILE = titanictictactoe/Info.plist;
				IPHONEOS_DEPLOYMENT_TARGET = 11.0;
				LD_RUNPATH_SEARCH_PATHS = "$(inherited) @executable_path/Frameworks";
				PRODUCT_BUNDLE_IDENTIFIER = com.varunbatta.titanictictactoe;
				PRODUCT_NAME = "$(TARGET_NAME)";
				SWIFT_VERSION = 5.0;
			};
			name = Release;
		};
/* End XCBuildConfiguration section */

/* Begin XCConfigurationList section */
		8BAB4A161E725F5900B64D6D /* Build configuration list for PBXProject "titanictictactoe" */ = {
			isa = XCConfigurationList;
			buildConfigurations = (
				8BAB4A311E725F5A00B64D6D /* Debug */,
				8BAB4A321E725F5A00B64D6D /* Release */,
			);
			defaultConfigurationIsVisible = 0;
			defaultConfigurationName = Release;
		};
		8BAB4A331E725F5A00B64D6D /* Build configuration list for PBXNativeTarget "titanictictactoe" */ = {
			isa = XCConfigurationList;
			buildConfigurations = (
				8BAB4A341E725F5A00B64D6D /* Debug */,
				8BAB4A351E725F5A00B64D6D /* Release */,
			);
			defaultConfigurationIsVisible = 0;
			defaultConfigurationName = Release;
		};
/* End XCConfigurationList section */
	};
	rootObject = 8BAB4A131E725F5900B64D6D /* Project object */;
}
