PODS:
  - FBSDKCoreKit (6.3.0):
    - FBSDKCoreKit/Basics (= 6.3.0)
    - FBSDKCoreKit/Core (= 6.3.0)
  - FBSDKCoreKit/Basics (6.3.0)
  - FBSDKCoreKit/Core (6.3.0):
    - FBSDKCoreKit/Basics
  - FBSDKCoreKit/Swift (6.3.0):
    - FBSDKCoreKit/Core
  - FBSDKLoginKit/Login (6.3.0):
    - FBSDKCoreKit (~> 6.3.0)
  - FBSDKLoginKit/Swift (6.3.0):
    - FBSDKCoreKit/Swift (~> 6.3.0)
    - FBSDKLoginKit/Login
  - FBSDKShareKit/Share (6.3.0):
    - FBSDKCoreKit (~> 6.3.0)
  - FBSDKShareKit/Swift (6.3.0):
    - FBSDKCoreKit/Swift (~> 6.3.0)
    - FBSDKShareKit/Share
  - XLPagerTabStrip (9.0.0)

DEPENDENCIES:
  - FBSDKCoreKit/Swift
  - FBSDKLoginKit/Swift
  - FBSDKShareKit/Swift
  - XLPagerTabStrip

SPEC REPOS:
  trunk:
    - FBSDKCoreKit
    - FBSDKLoginKit
    - FBSDKShareKit
    - XLPagerTabStrip

SPEC CHECKSUMS:
  FBSDKCoreKit: 5d55c8f3007c9c49b793617b9102e46355fc7e17
  FBSDKLoginKit: d46aa04d9bb9990a4deb6441736fae24a8c94496
  FBSDKShareKit: cbd309f29d00e596bc28319724a7519940e804fa
  XLPagerTabStrip: 61c57fd61f611ee5f01ff1495ad6fbee8bf496c5

PODFILE CHECKSUM: c62d971b6101a69447434202d839274f0108e071

COCOAPODS: 1.9.1
