PODS:
  - FBSDKCoreKit (8.0.0):
    - FBSDKCoreKit/Basics (= 8.0.0)
    - FBSDKCoreKit/Core (= 8.0.0)
  - FBSDKCoreKit/Basics (8.0.0)
  - FBSDKCoreKit/Core (8.0.0):
    - FBSDKCoreKit/Basics
  - FBSDKLoginKit (8.0.0):
    - FBSDKLoginKit/Login (= 8.0.0)
  - FBSDKLoginKit/Login (8.0.0):
    - FBSDKCoreKit (~> 8.0.0)
  - FBSDKShareKit (8.0.0):
    - FBSDKShareKit/Share (= 8.0.0)
  - FBSDKShareKit/Share (8.0.0):
    - FBSDKCoreKit (~> 8.0.0)
  - XLPagerTabStrip (9.0.0)

DEPENDENCIES:
  - FBSDKCoreKit
  - FBSDKLoginKit
  - FBSDKShareKit
  - XLPagerTabStrip

SPEC REPOS:
  trunk:
    - FBSDKCoreKit
    - FBSDKLoginKit
    - FBSDKShareKit
    - XLPagerTabStrip

SPEC CHECKSUMS:
  FBSDKCoreKit: 9d27fe97a2fa2abe5eeefea8240e837623ab88e0
  FBSDKLoginKit: 2cbaf5405379731b22f2ebc224f7c30f62378171
  FBSDKShareKit: bf3705fc42b660c3da9f15223db791b3c9c2acde
  XLPagerTabStrip: 61c57fd61f611ee5f01ff1495ad6fbee8bf496c5

PODFILE CHECKSUM: b98510eb477feb2fd4ee1a0ea8f79e303a499f7b

COCOAPODS: 1.9.3
